# THIS IS AN AUTOGENERATED FILE. DO NOT EDIT THIS FILE DIRECTLY.
# yarn lockfile v1


"@fastify/busboy@^2.0.0":
  version "2.1.0"
  resolved "https://registry.yarnpkg.com/@fastify/busboy/-/busboy-2.1.0.tgz#0709e9f4cb252351c609c6e6d8d6779a8d25edff"
  integrity sha512-+KpH+QxZU7O4675t3mnkQKcZZg56u+K/Ct2K+N2AZYNVK8kyeo/bI18tI8aPm3tvNNRyTWfj6s5tnGNlcbQRsA==

"@permaweb/ao-scheduler-utils@^0.0.8", "@permaweb/ao-scheduler-utils@~0.0.7":
  version "0.0.8"
  resolved "https://registry.yarnpkg.com/@permaweb/ao-scheduler-utils/-/ao-scheduler-utils-0.0.8.tgz#fad5b3c4a0d26c8d166b09310cd3a369438b893e"
  integrity sha512-RD0cxai/O4dV/tXmaL/98UsltxHjGENlr7g1QooEWzxwaWsX+BrTPZr7o4btdleimi9N79CWSH3nqo2f3fhaAQ==
  dependencies:
    lru-cache "^10.1.0"
    ramda "^0.29.1"

"@permaweb/aoconnect@^0.0.40":
  version "0.0.40"
  resolved "https://registry.yarnpkg.com/@permaweb/aoconnect/-/aoconnect-0.0.40.tgz#73ea61023cd2c825496f02858a2987d4cb7fac93"
  integrity sha512-p7eTvP6fDmhlBLlqskXOMBPUDx4CPQN+nYsb69NJXq+eVLJ9mhAgSg+gTfNTuImU2aK2im4K3E7QVWmy5OZbEg==
  dependencies:
    "@permaweb/ao-scheduler-utils" "~0.0.7"
    buffer "^6.0.3"
    debug "^4.3.4"
    hyper-async "^1.1.2"
    ramda "^0.29.1"
    warp-arbundles "^1.0.4"
    zod "^3.22.4"

arconnect@^0.4.2:
  version "0.4.2"
  resolved "https://registry.yarnpkg.com/arconnect/-/arconnect-0.4.2.tgz#83de7638fb46183e82d7ec7efb5594c5f7cdc806"
  integrity sha512-Jkpd4QL3TVqnd3U683gzXmZUVqBUy17DdJDuL/3D9rkysLgX6ymJ2e+sR+xyZF5Rh42CBqDXWNMmCjBXeP7Gbw==
  dependencies:
    arweave "^1.10.13"

arweave@^1.10.13, arweave@^1.13.7:
  version "1.14.4"
  resolved "https://registry.yarnpkg.com/arweave/-/arweave-1.14.4.tgz#5ba22136aa0e7fd9495258a3931fb770c9d6bf21"
  integrity sha512-tmqU9fug8XAmFETYwgUhLaD3WKav5DaM4p1vgJpEj/Px2ORPPMikwnSySlFymmL2qgRh2ZBcZsg11+RXPPGLsA==
  dependencies:
    arconnect "^0.4.2"
    asn1.js "^5.4.1"
    base64-js "^1.5.1"
    bignumber.js "^9.0.2"

asn1.js@^5.4.1:
  version "5.4.1"
  resolved "https://registry.yarnpkg.com/asn1.js/-/asn1.js-5.4.1.tgz#11a980b84ebb91781ce35b0fdc2ee294e3783f07"
  integrity sha512-+I//4cYPccV8LdmBLiX8CYvf9Sp3vQsrqu2QNXRcrbiWvcx/UdlFiqUJJzxRQxgsZmvhXhn4cSKeSmoFjVdupA==
  dependencies:
    bn.js "^4.0.0"
    inherits "^2.0.1"
    minimalistic-assert "^1.0.0"
    safer-buffer "^2.1.0"

base64-js@^1.3.1, base64-js@^1.5.1:
  version "1.5.1"
  resolved "https://registry.yarnpkg.com/base64-js/-/base64-js-1.5.1.tgz#1b1b440160a5bf7ad40b650f095963481903930a"
  integrity sha512-AKpaYlHn8t4SVbOHCy+b5+KKgvR4vrsD8vbvrbiQJps7fKDTkjkDry6ji0rUJjC0kzbNePLwzxq8iypo41qeWA==

base64url@^3.0.1:
  version "3.0.1"
  resolved "https://registry.yarnpkg.com/base64url/-/base64url-3.0.1.tgz#6399d572e2bc3f90a9a8b22d5dbb0a32d33f788d"
  integrity sha512-ir1UPr3dkwexU7FdV8qBBbNDRUhMmIekYMFZfi+C/sLNnRESKPl23nB9b2pltqfOQNnGzsDdId90AEtG5tCx4A==

bignumber.js@^9.0.2:
  version "9.1.2"
  resolved "https://registry.yarnpkg.com/bignumber.js/-/bignumber.js-9.1.2.tgz#b7c4242259c008903b13707983b5f4bbd31eda0c"
  integrity sha512-2/mKyZH9K85bzOEfhXDBFZTGd1CTs+5IHpeFQo9luiBG7hghdC851Pj2WAhb6E3R6b9tZj/XKhbg4fum+Kepug==

bn.js@^4.0.0:
  version "4.12.0"
  resolved "https://registry.yarnpkg.com/bn.js/-/bn.js-4.12.0.tgz#775b3f278efbb9718eec7361f483fb36fbbfea88"
  integrity sha512-c98Bf3tPniI+scsdk237ku1Dc3ujXQTSgyiPUDEOe7tRkhrqridvh8klBv0HCEso1OLOYcHuCv/cS6DNxKH+ZA==

buffer@^6.0.3:
  version "6.0.3"
  resolved "https://registry.yarnpkg.com/buffer/-/buffer-6.0.3.tgz#2ace578459cc8fbe2a70aaa8f52ee63b6a74c6c6"
  integrity sha512-FTiCpNxtwiZZHEZbcbTIcZjERVICn9yq/pDFkTl95/AxzD1naBctN7YO68riM/gLSDY7sdrMby8hofADYuuqOA==
  dependencies:
    base64-js "^1.3.1"
    ieee754 "^1.2.1"

debug@^4.3.4:
  version "4.3.4"
  resolved "https://registry.yarnpkg.com/debug/-/debug-4.3.4.tgz#1319f6579357f2338d3337d2cdd4914bb5dcc865"
  integrity sha512-PRWFHuSU3eDtQJPvnNY7Jcket1j0t5OuOsFzPPzsekD52Zl8qUfFIPEiswXqIvHWGVHOgX+7G/vCNNhehwxfkQ==
  dependencies:
    ms "2.1.2"

dotenv@^16.4.1:
  version "16.4.1"
  resolved "https://registry.yarnpkg.com/dotenv/-/dotenv-16.4.1.tgz#1d9931f1d3e5d2959350d1250efab299561f7f11"
  integrity sha512-CjA3y+Dr3FyFDOAMnxZEGtnW9KBR2M0JvvUtXNW+dYJL5ROWxP9DUHCwgFqpMk0OXCc0ljhaNTr2w/kutYIcHQ==

hyper-async@^1.1.2:
  version "1.1.2"
  resolved "https://registry.yarnpkg.com/hyper-async/-/hyper-async-1.1.2.tgz#b9a83be36e726bface6f4a5b84f1a1a25bf19e6a"
  integrity sha512-cnpOgKa+5FZOaccTtjduac1FrZuSc38/ftCp3vYJdUMt+7c+uvGDKLDK4MTNK8D3aFjIeveVrPcSgUPvzZLopg==

ieee754@^1.2.1:
  version "1.2.1"
  resolved "https://registry.yarnpkg.com/ieee754/-/ieee754-1.2.1.tgz#8eb7a10a63fff25d15a57b001586d177d1b0d352"
  integrity sha512-dcyqhDvX1C46lXZcVqCpK+FtMRQVdIMN6/Df5js2zouUsqG7I6sFxitIC+7KYK29KdXOLHdu9zL4sFnoVQnqaA==

inherits@^2.0.1:
  version "2.0.4"
  resolved "https://registry.yarnpkg.com/inherits/-/inherits-2.0.4.tgz#0fa2c64f932917c3433a0ded55363aae37416b7c"
  integrity sha512-k/vGaX4/Yla3WzyMCvTQOXYeIHvqOKtnqBduzTHpzpQZzAskKMhZ2K+EnBiSM9zGSoIFeMpXKxa4dYeZIQqewQ==

lru-cache@^10.1.0:
  version "10.2.0"
  resolved "https://registry.yarnpkg.com/lru-cache/-/lru-cache-10.2.0.tgz#0bd445ca57363465900f4d1f9bd8db343a4d95c3"
  integrity sha512-2bIM8x+VAf6JT4bKAljS1qUWgMsqZRPGJS6FSahIMPVvctcNhyVp7AJu7quxOW9jwkryBReKZY5tY5JYv2n/7Q==

minimalistic-assert@^1.0.0:
  version "1.0.1"
  resolved "https://registry.yarnpkg.com/minimalistic-assert/-/minimalistic-assert-1.0.1.tgz#2e194de044626d4a10e7f7fbc00ce73e83e4d5c7"
  integrity sha512-UtJcAD4yEaGtjPezWuO9wC4nwUnVH/8/Im3yEHQP4b67cXlD/Qr9hdITCU1xDbSEXg2XKNaP8jsReV7vQd00/A==

minimist@^1.2.8:
  version "1.2.8"
  resolved "https://registry.yarnpkg.com/minimist/-/minimist-1.2.8.tgz#c1a464e7693302e082a075cee0c057741ac4772c"
  integrity sha512-2yyAR8qBkN3YuheJanUpWC5U3bb5osDywNB8RzDVlDwDHbocAJveqqj1u8+SVD7jkWT4yvsHCpWqqWqAxb0zCA==

ms@2.1.2:
  version "2.1.2"
  resolved "https://registry.yarnpkg.com/ms/-/ms-2.1.2.tgz#d09d1f357b443f493382a8eb3ccd183872ae6009"
  integrity sha512-sGkPx+VjMtmA6MX27oA4FBFELFCZZ4S4XqeGOXCv68tT+jb3vk/RyaKWP0PTKyWtmLSM0b+adUTEvbs1PEaH2w==

node-cron@^3.0.3:
  version "3.0.3"
  resolved "https://registry.yarnpkg.com/node-cron/-/node-cron-3.0.3.tgz#c4bc7173dd96d96c50bdb51122c64415458caff2"
  integrity sha512-dOal67//nohNgYWb+nWmg5dkFdIwDm8EpeGYMekPMrngV3637lqnX0lbUcCtgibHTz6SEz7DAIjKvKDFYCnO1A==
  dependencies:
    uuid "8.3.2"

pubsub-js@^1.9.4:
  version "1.9.4"
  resolved "https://registry.yarnpkg.com/pubsub-js/-/pubsub-js-1.9.4.tgz#5c8678600e34e95b1269e96c17e1b51dab3ecb5a"
  integrity sha512-hJYpaDvPH4w8ZX/0Fdf9ma1AwRgU353GfbaVfPjfJQf1KxZ2iHaHl3fAUw1qlJIR5dr4F3RzjGaWohYUEyoh7A==

ramda@^0.29.1:
  version "0.29.1"
  resolved "https://registry.yarnpkg.com/ramda/-/ramda-0.29.1.tgz#408a6165b9555b7ba2fc62555804b6c5a2eca196"
  integrity sha512-OfxIeWzd4xdUNxlWhgFazxsA/nl3mS4/jGZI5n00uWOoSSFRhC1b6gl6xvmzUamgmqELraWp0J/qqVlXYPDPyA==

safer-buffer@^2.1.0:
  version "2.1.2"
  resolved "https://registry.yarnpkg.com/safer-buffer/-/safer-buffer-2.1.2.tgz#44fa161b0187b9549dd84bb91802f9bd8385cd6a"
  integrity sha512-YZo3K82SD7Riyi0E1EQPojLz7kpepnSQI9IyPbHHg1XXXevb5dJI7tpyN2ADxGcQbHG7vcyRHk0cbwqcQriUtg==

undici@^5.19.1:
  version "5.28.2"
  resolved "https://registry.yarnpkg.com/undici/-/undici-5.28.2.tgz#fea200eac65fc7ecaff80a023d1a0543423b4c91"
  integrity sha512-wh1pHJHnUeQV5Xa8/kyQhO7WFa8M34l026L5P/+2TYiakvGy5Rdc8jWZVyG7ieht/0WgJLEd3kcU5gKx+6GC8w==
  dependencies:
    "@fastify/busboy" "^2.0.0"

uuid@8.3.2:
  version "8.3.2"
  resolved "https://registry.yarnpkg.com/uuid/-/uuid-8.3.2.tgz#80d5b5ced271bb9af6c445f21a1a04c606cefbe2"
  integrity sha512-+NYs2QeMWy+GWFOEm9xnn6HCDp0l7QBD7ml8zLUmJ+93Q5NF0NocErnwkTkXVFNiX3/fpC6afS8Dhb/gz7R7eg==

warp-arbundles@^1.0.4:
  version "1.0.4"
  resolved "https://registry.yarnpkg.com/warp-arbundles/-/warp-arbundles-1.0.4.tgz#10c0cd662ab41b0dabad9159c7110f43425cc5cc"
  integrity sha512-KeRac/EJ7VOK+v5+PSMh2SrzpCKOAFnJICLlqZWt6qPkDCzVwcrNE5wFxOlEk5U170ewMDAB3e86UHUblevXpw==
  dependencies:
    arweave "^1.13.7"
    base64url "^3.0.1"
    buffer "^6.0.3"
    warp-isomorphic "^1.0.7"

warp-isomorphic@^1.0.7:
  version "1.0.7"
  resolved "https://registry.yarnpkg.com/warp-isomorphic/-/warp-isomorphic-1.0.7.tgz#abf1ee7bce44bec7c6b97547859e614876869aa7"
  integrity sha512-fXHbUXwdYqPm9fRPz8mjv5ndPco09aMQuTe4kXfymzOq8V6F3DLsg9cIafxvjms9/mc6eijzkLBJ63yjEENEjA==
  dependencies:
    buffer "^6.0.3"
    undici "^5.19.1"

zod@^3.22.4:
  version "3.22.4"
  resolved "https://registry.yarnpkg.com/zod/-/zod-3.22.4.tgz#f31c3a9386f61b1f228af56faa9255e845cf3fff"
  integrity sha512-iC+8Io04lddc+mVqQ9AZ7OQ2MrUKGN+oIQyq1vemgt46jwCwLfhq7/pwnBnNXXXZb8VTVLKwp9EDkx+ryxIWmg==
