{
  "name": "process",
  "version": "1.0.0",
  "lockfileVersion": 3,
  "requires": true,
  "packages": {
    "": {
      "name": "process",
      "version": "1.0.0",
      "license": "MIT",
      "dependencies": {
        "@permaweb/ao-loader": "^0.0.9"
      }
    },
    "../../sdk": {
      "name": "@permaweb/ao-sdk",
      "version": "0.0.10",
      "extraneous": true,
      "license": "MIT",
      "dependencies": {
        "buffer": "^6.0.3",
        "debug": "^4.3.4",
        "hyper-async": "^1.1.2",
        "ramda": "^0.29.1",
        "warp-arbundles": "^1.0.4",
        "zod": "^3.22.4"
      },
      "devDependencies": {
        "arweave": "^1.14.4",
        "esbuild": "^0.19.5",
        "typescript": "^5.2.2"
      },
      "engines": {
        "node": ">=18"
      }
    },
    "node_modules/@permaweb/ao-loader": {
      "version": "0.0.9",
      "resolved": "https://registry.npmjs.org/@permaweb/ao-loader/-/ao-loader-0.0.9.tgz",
      "integrity": "sha512-PdjfRiA38NTSzgkoi48XS8W1ebTD/TK3+2xsVTzHGOwxDGC9uPRx6YEpGXZi3SDeK4hx41WIWDyEwSYY1p+XWg==",
      "engines": {
        "node": ">=18"
      }
    }
  }
}
